// !$*UTF8*$!
{
	archiveVersion = 1;
	classes = {
	};
	objectVersion = 50;
	objects = {

/* Begin PBXBuildFile section */
		6713DB54257B97C80068B394 /* UI_62App.swift in Sources */ = {isa = PBXBuildFile; fileRef = 6713DB53257B97C80068B394 /* UI_62App.swift */; };
		6713DB56257B97C80068B394 /* ContentView.swift in Sources */ = {isa = PBXBuildFile; fileRef = 6713DB55257B97C80068B394 /* ContentView.swift */; };
		6713DB58257B97C90068B394 /* Assets.xcassets in Resources */ = {isa = PBXBuildFile; fileRef = 6713DB57257B97C90068B394 /* Assets.xcassets */; };
		6713DB5B257B97C90068B394 /* Preview Assets.xcassets in Resources */ = {isa = PBXBuildFile; fileRef = 6713DB5A257B97C90068B394 /* Preview Assets.xcassets */; };
		6713DB66257B97CA0068B394 /* UI_62Tests.swift in Sources */ = {isa = PBXBuildFile; fileRef = 6713DB65257B97CA0068B394 /* UI_62Tests.swift */; };
		6713DB71257B97CA0068B394 /* UI_62UITests.swift in Sources */ = {isa = PBXBuildFile; fileRef = 6713DB70257B97CA0068B394 /* UI_62UITests.swift */; };
/* End PBXBuildFile section */

/* Begin PBXContainerItemProxy section */
		6713DB62257B97CA0068B394 /* PBXContainerItemProxy */ = {
			isa = PBXContainerItemProxy;
			containerPortal = 6713DB48257B97C80068B394 /* Project object */;
			proxyType = 1;
			remoteGlobalIDString = 6713DB4F257B97C80068B394;
			remoteInfo = "UI-62";
		};
		6713DB6D257B97CA0068B394 /* PBXContainerItemProxy */ = {
			isa = PBXContainerItemProxy;
			containerPortal = 6713DB48257B97C80068B394 /* Project object */;
			proxyType = 1;
			remoteGlobalIDString = 6713DB4F257B97C80068B394;
			remoteInfo = "UI-62";
		};
/* End PBXContainerItemProxy section */

/* Begin PBXFileReference section */
		6713DB50257B97C80068B394 /* UI-62.app */ = {isa = PBXFileReference; explicitFileType = wrapper.application; includeInIndex = 0; path = "UI-62.app"; sourceTree = BUILT_PRODUCTS_DIR; };
		6713DB53257B97C80068B394 /* UI_62App.swift */ = {isa = PBXFileReference; lastKnownFileType = sourcecode.swift; path = UI_62App.swift; sourceTree = "<group>"; };
		6713DB55257B97C80068B394 /* ContentView.swift */ = {isa = PBXFileReference; lastKnownFileType = sourcecode.swift; path = ContentView.swift; sourceTree = "<group>"; };
		6713DB57257B97C90068B394 /* Assets.xcassets */ = {isa = PBXFileReference; lastKnownFileType = folder.assetcatalog; path = Assets.xcassets; sourceTree = "<group>"; };
		6713DB5A257B97C90068B394 /* Preview Assets.xcassets */ = {isa = PBXFileReference; lastKnownFileType = folder.assetcatalog; path = "Preview Assets.xcassets"; sourceTree = "<group>"; };
		6713DB5C257B97C90068B394 /* Info.plist */ = {isa = PBXFileReference; lastKnownFileType = text.plist.xml; path = Info.plist; sourceTree = "<group>"; };
		6713DB61257B97CA0068B394 /* UI-62Tests.xctest */ = {isa = PBXFileReference; explicitFileType = wrapper.cfbundle; includeInIndex = 0; path = "UI-62Tests.xctest"; sourceTree = BUILT_PRODUCTS_DIR; };
		6713DB65257B97CA0068B394 /* UI_62Tests.swift */ = {isa = PBXFileReference; lastKnownFileType = sourcecode.swift; path = UI_62Tests.swift; sourceTree = "<group>"; };
		6713DB67257B97CA0068B394 /* Info.plist */ = {isa = PBXFileReference; lastKnownFileType = text.plist.xml; path = Info.plist; sourceTree = "<group>"; };
		6713DB6C257B97CA0068B394 /* UI-62UITests.xctest */ = {isa = PBXFileReference; explicitFileType = wrapper.cfbundle; includeInIndex = 0; path = "UI-62UITests.xctest"; sourceTree = BUILT_PRODUCTS_DIR; };
		6713DB70257B97CA0068B394 /* UI_62UITests.swift */ = {isa = PBXFileReference; lastKnownFileType = sourcecode.swift; path = UI_62UITests.swift; sourceTree = "<group>"; };
		6713DB72257B97CA0068B394 /* Info.plist */ = {isa = PBXFileReference; lastKnownFileType = text.plist.xml; path = Info.plist; sourceTree = "<group>"; };
/* End PBXFileReference section */

/* Begin PBXFrameworksBuildPhase section */
		6713DB4D257B97C80068B394 /* Frameworks */ = {
			isa = PBXFrameworksBuildPhase;
			buildActionMask = 2147483647;
			files = (
			);
			runOnlyForDeploymentPostprocessing = 0;
		};
		6713DB5E257B97CA0068B394 /* Frameworks */ = {
			isa = PBXFrameworksBuildPhase;
			buildActionMask = 2147483647;
			files = (
			);
			runOnlyForDeploymentPostprocessing = 0;
		};
		6713DB69257B97CA0068B394 /* Frameworks */ = {
			isa = PBXFrameworksBuildPhase;
			buildActionMask = 2147483647;
			files = (
			);
			runOnlyForDeploymentPostprocessing = 0;
		};
/* End PBXFrameworksBuildPhase section */

/* Begin PBXGroup section */
		6713DB47257B97C80068B394 = {
			isa = PBXGroup;
			children = (
				6713DB52257B97C80068B394 /* UI-62 */,
				6713DB64257B97CA0068B394 /* UI-62Tests */,
				6713DB6F257B97CA0068B394 /* UI-62UITests */,
				6713DB51257B97C80068B394 /* Products */,
			);
			sourceTree = "<group>";
		};
		6713DB51257B97C80068B394 /* Products */ = {
			isa = PBXGroup;
			children = (
				6713DB50257B97C80068B394 /* UI-62.app */,
				6713DB61257B97CA0068B394 /* UI-62Tests.xctest */,
				6713DB6C257B97CA0068B394 /* UI-62UITests.xctest */,
			);
			name = Products;
			sourceTree = "<group>";
		};
		6713DB52257B97C80068B394 /* UI-62 */ = {
			isa = PBXGroup;
			children = (
				6713DB53257B97C80068B394 /* UI_62App.swift */,
				6713DB55257B97C80068B394 /* ContentView.swift */,
				6713DB57257B97C90068B394 /* Assets.xcassets */,
				6713DB5C257B97C90068B394 /* Info.plist */,
				6713DB59257B97C90068B394 /* Preview Content */,
			);
			path = "UI-62";
			sourceTree = "<group>";
		};
		6713DB59257B97C90068B394 /* Preview Content */ = {
			isa = PBXGroup;
			children = (
				6713DB5A257B97C90068B394 /* Preview Assets.xcassets */,
			);
			path = "Preview Content";
			sourceTree = "<group>";
		};
		6713DB64257B97CA0068B394 /* UI-62Tests */ = {
			isa = PBXGroup;
			children = (
				6713DB65257B97CA0068B394 /* UI_62Tests.swift */,
				6713DB67257B97CA0068B394 /* Info.plist */,
			);
			path = "UI-62Tests";
			sourceTree = "<group>";
		};
		6713DB6F257B97CA0068B394 /* UI-62UITests */ = {
			isa = PBXGroup;
			children = (
				6713DB70257B97CA0068B394 /* UI_62UITests.swift */,
				6713DB72257B97CA0068B394 /* Info.plist */,
			);
			path = "UI-62UITests";
			sourceTree = "<group>";
		};
/* End PBXGroup section */

/* Begin PBXNativeTarget section */
		6713DB4F257B97C80068B394 /* UI-62 */ = {
			isa = PBXNativeTarget;
			buildConfigurationList = 6713DB75257B97CA0068B394 /* Build configuration list for PBXNativeTarget "UI-62" */;
			buildPhases = (
				6713DB4C257B97C80068B394 /* Sources */,
				6713DB4D257B97C80068B394 /* Frameworks */,
				6713DB4E257B97C80068B394 /* Resources */,
			);
			buildRules = (
			);
			dependencies = (
			);
			name = "UI-62";
			productName = "UI-62";
			productReference = 6713DB50257B97C80068B394 /* UI-62.app */;
			productType = "com.apple.product-type.application";
		};
		6713DB60257B97CA0068B394 /* UI-62Tests */ = {
			isa = PBXNativeTarget;
			buildConfigurationList = 6713DB78257B97CA0068B394 /* Build configuration list for PBXNativeTarget "UI-62Tests" */;
			buildPhases = (
				6713DB5D257B97CA0068B394 /* Sources */,
				6713DB5E257B97CA0068B394 /* Frameworks */,
				6713DB5F257B97CA0068B394 /* Resources */,
			);
			buildRules = (
			);
			dependencies = (
				6713DB63257B97CA0068B394 /* PBXTargetDependency */,
			);
			name = "UI-62Tests";
			productName = "UI-62Tests";
			productReference = 6713DB61257B97CA0068B394 /* UI-62Tests.xctest */;
			productType = "com.apple.product-type.bundle.unit-test";
		};
		6713DB6B257B97CA0068B394 /* UI-62UITests */ = {
			isa = PBXNativeTarget;
			buildConfigurationList = 6713DB7B257B97CA0068B394 /* Build configuration list for PBXNativeTarget "UI-62UITests" */;
			buildPhases = (
				6713DB68257B97CA0068B394 /* Sources */,
				6713DB69257B97CA0068B394 /* Frameworks */,
				6713DB6A257B97CA0068B394 /* Resources */,
			);
			buildRules = (
			);
			dependencies = (
				6713DB6E257B97CA0068B394 /* PBXTargetDependency */,
			);
			name = "UI-62UITests";
			productName = "UI-62UITests";
			productReference = 6713DB6C257B97CA0068B394 /* UI-62UITests.xctest */;
			productType = "com.apple.product-type.bundle.ui-testing";
		};
/* End PBXNativeTarget section */

/* Begin PBXProject section */
		6713DB48257B97C80068B394 /* Project object */ = {
			isa = PBXProject;
			attributes = {
				LastSwiftUpdateCheck = 1220;
				LastUpgradeCheck = 1220;
				TargetAttributes = {
					6713DB4F257B97C80068B394 = {
						CreatedOnToolsVersion = 12.2;
					};
					6713DB60257B97CA0068B394 = {
						CreatedOnToolsVersion = 12.2;
						TestTargetID = 6713DB4F257B97C80068B394;
					};
					6713DB6B257B97CA0068B394 = {
						CreatedOnToolsVersion = 12.2;
						TestTargetID = 6713DB4F257B97C80068B394;
					};
				};
			};
			buildConfigurationList = 6713DB4B257B97C80068B394 /* Build configuration list for PBXProject "UI-62" */;
			compatibilityVersion = "Xcode 9.3";
			developmentRegion = en;
			hasScannedForEncodings = 0;
			knownRegions = (
				en,
				Base,
			);
			mainGroup = 6713DB47257B97C80068B394;
			productRefGroup = 6713DB51257B97C80068B394 /* Products */;
			projectDirPath = "";
			projectRoot = "";
			targets = (
				6713DB4F257B97C80068B394 /* UI-62 */,
				6713DB60257B97CA0068B394 /* UI-62Tests */,
				6713DB6B257B97CA0068B394 /* UI-62UITests */,
			);
		};
/* End PBXProject section */

/* Begin PBXResourcesBuildPhase section */
		6713DB4E257B97C80068B394 /* Resources */ = {
			isa = PBXResourcesBuildPhase;
			buildActionMask = 2147483647;
			files = (
				6713DB5B257B97C90068B394 /* Preview Assets.xcassets in Resources */,
				6713DB58257B97C90068B394 /* Assets.xcassets in Resources */,
			);
			runOnlyForDeploymentPostprocessing = 0;
		};
		6713DB5F257B97CA0068B394 /* Resources */ = {
			isa = PBXResourcesBuildPhase;
			buildActionMask = 2147483647;
			files = (
			);
			runOnlyForDeploymentPostprocessing = 0;
		};
		6713DB6A257B97CA0068B394 /* Resources */ = {
			isa = PBXResourcesBuildPhase;
			buildActionMask = 2147483647;
			files = (
			);
			runOnlyForDeploymentPostprocessing = 0;
		};
/* End PBXResourcesBuildPhase section */

/* Begin PBXSourcesBuildPhase section */
		6713DB4C257B97C80068B394 /* Sources */ = {
			isa = PBXSourcesBuildPhase;
			buildActionMask = 2147483647;
			files = (
				6713DB56257B97C80068B394 /* ContentView.swift in Sources */,
				6713DB54257B97C80068B394 /* UI_62App.swift in Sources */,
			);
			runOnlyForDeploymentPostprocessing = 0;
		};
		6713DB5D257B97CA0068B394 /* Sources */ = {
			isa = PBXSourcesBuildPhase;
			buildActionMask = 2147483647;
			files = (
				6713DB66257B97CA0068B394 /* UI_62Tests.swift in Sources */,
			);
			runOnlyForDeploymentPostprocessing = 0;
		};
		6713DB68257B97CA0068B394 /* Sources */ = {
			isa = PBXSourcesBuildPhase;
			buildActionMask = 2147483647;
			files = (
				6713DB71257B97CA0068B394 /* UI_62UITests.swift in Sources */,
			);
			runOnlyForDeploymentPostprocessing = 0;
		};
/* End PBXSourcesBuildPhase section */

/* Begin PBXTargetDependency section */
		6713DB63257B97CA0068B394 /* PBXTargetDependency */ = {
			isa = PBXTargetDependency;
			target = 6713DB4F257B97C80068B394 /* UI-62 */;
			targetProxy = 6713DB62257B97CA0068B394 /* PBXContainerItemProxy */;
		};
		6713DB6E257B97CA0068B394 /* PBXTargetDependency */ = {
			isa = PBXTargetDependency;
			target = 6713DB4F257B97C80068B394 /* UI-62 */;
			targetProxy = 6713DB6D257B97CA0068B394 /* PBXContainerItemProxy */;
		};
/* End PBXTargetDependency section */

/* Begin XCBuildConfiguration section */
		6713DB73257B97CA0068B394 /* Debug */ = {
			isa = XCBuildConfiguration;
			buildSettings = {
				ALWAYS_SEARCH_USER_PATHS = NO;
				CLANG_ANALYZER_NONNULL = YES;
				CLANG_ANALYZER_NUMBER_OBJECT_CONVERSION = YES_AGGRESSIVE;
				CLANG_CXX_LANGUAGE_STANDARD = "gnu++14";
				CLANG_CXX_LIBRARY = "libc++";
				CLANG_ENABLE_MODULES = YES;
				CLANG_ENABLE_OBJC_ARC = YES;
				CLANG_ENABLE_OBJC_WEAK = YES;
				CLANG_WARN_BLOCK_CAPTURE_AUTORELEASING = YES;
				CLANG_WARN_BOOL_CONVERSION = YES;
				CLANG_WARN_COMMA = YES;
				CLANG_WARN_CONSTANT_CONVERSION = YES;
				CLANG_WARN_DEPRECATED_OBJC_IMPLEMENTATIONS = YES;
				CLANG_WARN_DIRECT_OBJC_ISA_USAGE = YES_ERROR;
				CLANG_WARN_DOCUMENTATION_COMMENTS = YES;
				CLANG_WARN_EMPTY_BODY = YES;
				CLANG_WARN_ENUM_CONVERSION = YES;
				CLANG_WARN_INFINITE_RECURSION = YES;
				CLANG_WARN_INT_CONVERSION = YES;
				CLANG_WARN_NON_LITERAL_NULL_CONVERSION = YES;
				CLANG_WARN_OBJC_IMPLICIT_RETAIN_SELF = YES;
				CLANG_WARN_OBJC_LITERAL_CONVERSION = YES;
				CLANG_WARN_OBJC_ROOT_CLASS = YES_ERROR;
				CLANG_WARN_QUOTED_INCLUDE_IN_FRAMEWORK_HEADER = YES;
				CLANG_WARN_RANGE_LOOP_ANALYSIS = YES;
				CLANG_WARN_STRICT_PROTOTYPES = YES;
				CLANG_WARN_SUSPICIOUS_MOVE = YES;
				CLANG_WARN_UNGUARDED_AVAILABILITY = YES_AGGRESSIVE;
				CLANG_WARN_UNREACHABLE_CODE = YES;
				CLANG_WARN__DUPLICATE_METHOD_MATCH = YES;
				COPY_PHASE_STRIP = NO;
				DEBUG_INFORMATION_FORMAT = dwarf;
				ENABLE_STRICT_OBJC_MSGSEND = YES;
				ENABLE_TESTABILITY = YES;
				GCC_C_LANGUAGE_STANDARD = gnu11;
				GCC_DYNAMIC_NO_PIC = NO;
				GCC_NO_COMMON_BLOCKS = YES;
				GCC_OPTIMIZATION_LEVEL = 0;
				GCC_PREPROCESSOR_DEFINITIONS = (
					"DEBUG=1",
					"$(inherited)",
				);
				GCC_WARN_64_TO_32_BIT_CONVERSION = YES;
				GCC_WARN_ABOUT_RETURN_TYPE = YES_ERROR;
				GCC_WARN_UNDECLARED_SELECTOR = YES;
				GCC_WARN_UNINITIALIZED_AUTOS = YES_AGGRESSIVE;
				GCC_WARN_UNUSED_FUNCTION = YES;
				GCC_WARN_UNUSED_VARIABLE = YES;
				IPHONEOS_DEPLOYMENT_TARGET = 14.2;
				MTL_ENABLE_DEBUG_INFO = INCLUDE_SOURCE;
				MTL_FAST_MATH = YES;
				ONLY_ACTIVE_ARCH = YES;
				SDKROOT = iphoneos;
				SWIFT_ACTIVE_COMPILATION_CONDITIONS = DEBUG;
				SWIFT_OPTIMIZATION_LEVEL = "-Onone";
			};
			name = Debug;
		};
		6713DB74257B97CA0068B394 /* Release */ = {
			isa = XCBuildConfiguration;
			buildSettings = {
				ALWAYS_SEARCH_USER_PATHS = NO;
				CLANG_ANALYZER_NONNULL = YES;
				CLANG_ANALYZER_NUMBER_OBJECT_CONVERSION = YES_AGGRESSIVE;
				CLANG_CXX_LANGUAGE_STANDARD = "gnu++14";
				CLANG_CXX_LIBRARY = "libc++";
				CLANG_ENABLE_MODULES = YES;
				CLANG_ENABLE_OBJC_ARC = YES;
				CLANG_ENABLE_OBJC_WEAK = YES;
				CLANG_WARN_BLOCK_CAPTURE_AUTORELEASING = YES;
				CLANG_WARN_BOOL_CONVERSION = YES;
				CLANG_WARN_COMMA = YES;
				CLANG_WARN_CONSTANT_CONVERSION = YES;
				CLANG_WARN_DEPRECATED_OBJC_IMPLEMENTATIONS = YES;
				CLANG_WARN_DIRECT_OBJC_ISA_USAGE = YES_ERROR;
				CLANG_WARN_DOCUMENTATION_COMMENTS = YES;
				CLANG_WARN_EMPTY_BODY = YES;
				CLANG_WARN_ENUM_CONVERSION = YES;
				CLANG_WARN_INFINITE_RECURSION = YES;
				CLANG_WARN_INT_CONVERSION = YES;
				CLANG_WARN_NON_LITERAL_NULL_CONVERSION = YES;
				CLANG_WARN_OBJC_IMPLICIT_RETAIN_SELF = YES;
				CLANG_WARN_OBJC_LITERAL_CONVERSION = YES;
				CLANG_WARN_OBJC_ROOT_CLASS = YES_ERROR;
				CLANG_WARN_QUOTED_INCLUDE_IN_FRAMEWORK_HEADER = YES;
				CLANG_WARN_RANGE_LOOP_ANALYSIS = YES;
				CLANG_WARN_STRICT_PROTOTYPES = YES;
				CLANG_WARN_SUSPICIOUS_MOVE = YES;
				CLANG_WARN_UNGUARDED_AVAILABILITY = YES_AGGRESSIVE;
				CLANG_WARN_UNREACHABLE_CODE = YES;
				CLANG_WARN__DUPLICATE_METHOD_MATCH = YES;
				COPY_PHASE_STRIP = NO;
				DEBUG_INFORMATION_FORMAT = "dwarf-with-dsym";
				ENABLE_NS_ASSERTIONS = NO;
				ENABLE_STRICT_OBJC_MSGSEND = YES;
				GCC_C_LANGUAGE_STANDARD = gnu11;
				GCC_NO_COMMON_BLOCKS = YES;
				GCC_WARN_64_TO_32_BIT_CONVERSION = YES;
				GCC_WARN_ABOUT_RETURN_TYPE = YES_ERROR;
				GCC_WARN_UNDECLARED_SELECTOR = YES;
				GCC_WARN_UNINITIALIZED_AUTOS = YES_AGGRESSIVE;
				GCC_WARN_UNUSED_FUNCTION = YES;
				GCC_WARN_UNUSED_VARIABLE = YES;
				IPHONEOS_DEPLOYMENT_TARGET = 14.2;
				MTL_ENABLE_DEBUG_INFO = NO;
				MTL_FAST_MATH = YES;
				SDKROOT = iphoneos;
				SWIFT_COMPILATION_MODE = wholemodule;
				SWIFT_OPTIMIZATION_LEVEL = "-O";
				VALIDATE_PRODUCT = YES;
			};
			name = Release;
		};
		6713DB76257B97CA0068B394 /* Debug */ = {
			isa = XCBuildConfiguration;
			buildSettings = {
				ASSETCATALOG_COMPILER_APPICON_NAME = AppIcon;
				ASSETCATALOG_COMPILER_GLOBAL_ACCENT_COLOR_NAME = AccentColor;
				CODE_SIGN_STYLE = Automatic;
				DEVELOPMENT_ASSET_PATHS = "\"UI-62/Preview Content\"";
				ENABLE_PREVIEWS = YES;
				INFOPLIST_FILE = "UI-62/Info.plist";
				IPHONEOS_DEPLOYMENT_TARGET = 14.0;
				LD_RUNPATH_SEARCH_PATHS = (
					"$(inherited)",
					"@executable_path/Frameworks",
				);
				PRODUCT_BUNDLE_IDENTIFIER = "com.uzu.UI-62";
				PRODUCT_NAME = "$(TARGET_NAME)";
				SWIFT_VERSION = 5.0;
				TARGETED_DEVICE_FAMILY = "1,2";
			};
			name = Debug;
		};
		6713DB77257B97CA0068B394 /* Release */ = {
			isa = XCBuildConfiguration;
			buildSettings = {
				ASSETCATALOG_COMPILER_APPICON_NAME = AppIcon;
				ASSETCATALOG_COMPILER_GLOBAL_ACCENT_COLOR_NAME = AccentColor;
				CODE_SIGN_STYLE = Automatic;
				DEVELOPMENT_ASSET_PATHS = "\"UI-62/Preview Content\"";
				ENABLE_PREVIEWS = YES;
				INFOPLIST_FILE = "UI-62/Info.plist";
				IPHONEOS_DEPLOYMENT_TARGET = 14.0;
				LD_RUNPATH_SEARCH_PATHS = (
					"$(inherited)",
					"@executable_path/Frameworks",
				);
				PRODUCT_BUNDLE_IDENTIFIER = "com.uzu.UI-62";
				PRODUCT_NAME = "$(TARGET_NAME)";
				SWIFT_VERSION = 5.0;
				TARGETED_DEVICE_FAMILY = "1,2";
			};
			name = Release;
		};
		6713DB79257B97CA0068B394 /* Debug */ = {
			isa = XCBuildConfiguration;
			buildSettings = {
				ALWAYS_EMBED_SWIFT_STANDARD_LIBRARIES = YES;
				BUNDLE_LOADER = "$(TEST_HOST)";
				CODE_SIGN_STYLE = Automatic;
				INFOPLIST_FILE = "UI-62Tests/Info.plist";
				IPHONEOS_DEPLOYMENT_TARGET = 14.0;
				LD_RUNPATH_SEARCH_PATHS = (
					"$(inherited)",
					"@executable_path/Frameworks",
					"@loader_path/Frameworks",
				);
				PRODUCT_BUNDLE_IDENTIFIER = "com.uzu.UI-62Tests";
				PRODUCT_NAME = "$(TARGET_NAME)";
				SWIFT_VERSION = 5.0;
				TARGETED_DEVICE_FAMILY = "1,2";
				TEST_HOST = "$(BUILT_PRODUCTS_DIR)/UI-62.app/UI-62";
			};
			name = Debug;
		};
		6713DB7A257B97CA0068B394 /* Release */ = {
			isa = XCBuildConfiguration;
			buildSettings = {
				ALWAYS_EMBED_SWIFT_STANDARD_LIBRARIES = YES;
				BUNDLE_LOADER = "$(TEST_HOST)";
				CODE_SIGN_STYLE = Automatic;
				INFOPLIST_FILE = "UI-62Tests/Info.plist";
				IPHONEOS_DEPLOYMENT_TARGET = 14.0;
				LD_RUNPATH_SEARCH_PATHS = (
					"$(inherited)",
					"@executable_path/Frameworks",
					"@loader_path/Frameworks",
				);
				PRODUCT_BUNDLE_IDENTIFIER = "com.uzu.UI-62Tests";
				PRODUCT_NAME = "$(TARGET_NAME)";
				SWIFT_VERSION = 5.0;
				TARGETED_DEVICE_FAMILY = "1,2";
				TEST_HOST = "$(BUILT_PRODUCTS_DIR)/UI-62.app/UI-62";
			};
			name = Release;
		};
		6713DB7C257B97CA0068B394 /* Debug */ = {
			isa = XCBuildConfiguration;
			buildSettings = {
				ALWAYS_EMBED_SWIFT_STANDARD_LIBRARIES = YES;
				CODE_SIGN_STYLE = Automatic;
				INFOPLIST_FILE = "UI-62UITests/Info.plist";
				LD_RUNPATH_SEARCH_PATHS = (
					"$(inherited)",
					"@executable_path/Frameworks",
					"@loader_path/Frameworks",
				);
				PRODUCT_BUNDLE_IDENTIFIER = "com.uzu.UI-62UITests";
				PRODUCT_NAME = "$(TARGET_NAME)";
				SWIFT_VERSION = 5.0;
				TARGETED_DEVICE_FAMILY = "1,2";
				TEST_TARGET_NAME = "UI-62";
			};
			name = Debug;
		};
		6713DB7D257B97CA0068B394 /* Release */ = {
			isa = XCBuildConfiguration;
			buildSettings = {
				ALWAYS_EMBED_SWIFT_STANDARD_LIBRARIES = YES;
				CODE_SIGN_STYLE = Automatic;
				INFOPLIST_FILE = "UI-62UITests/Info.plist";
				LD_RUNPATH_SEARCH_PATHS = (
					"$(inherited)",
					"@executable_path/Frameworks",
					"@loader_path/Frameworks",
				);
				PRODUCT_BUNDLE_IDENTIFIER = "com.uzu.UI-62UITests";
				PRODUCT_NAME = "$(TARGET_NAME)";
				SWIFT_VERSION = 5.0;
				TARGETED_DEVICE_FAMILY = "1,2";
				TEST_TARGET_NAME = "UI-62";
			};
			name = Release;
		};
/* End XCBuildConfiguration section */

/* Begin XCConfigurationList section */
		6713DB4B257B97C80068B394 /* Build configuration list for PBXProject "UI-62" */ = {
			isa = XCConfigurationList;
			buildConfigurations = (
				6713DB73257B97CA0068B394 /* Debug */,
				6713DB74257B97CA0068B394 /* Release */,
			);
			defaultConfigurationIsVisible = 0;
			defaultConfigurationName = Release;
		};
		6713DB75257B97CA0068B394 /* Build configuration list for PBXNativeTarget "UI-62" */ = {
			isa = XCConfigurationList;
			buildConfigurations = (
				6713DB76257B97CA0068B394 /* Debug */,
				6713DB77257B97CA0068B394 /* Release */,
			);
			defaultConfigurationIsVisible = 0;
			defaultConfigurationName = Release;
		};
		6713DB78257B97CA0068B394 /* Build configuration list for PBXNativeTarget "UI-62Tests" */ = {
			isa = XCConfigurationList;
			buildConfigurations = (
				6713DB79257B97CA0068B394 /* Debug */,
				6713DB7A257B97CA0068B394 /* Release */,
			);
			defaultConfigurationIsVisible = 0;
			defaultConfigurationName = Release;
		};
		6713DB7B257B97CA0068B394 /* Build configuration list for PBXNativeTarget "UI-62UITests" */ = {
			isa = XCConfigurationList;
			buildConfigurations = (
				6713DB7C257B97CA0068B394 /* Debug */,
				6713DB7D257B97CA0068B394 /* Release */,
			);
			defaultConfigurationIsVisible = 0;
			defaultConfigurationName = Release;
		};
/* End XCConfigurationList section */
	};
	rootObject = 6713DB48257B97C80068B394 /* Project object */;
}
